
Microsoft Visual Studio Solution File, Format Version 12.00
# Visual Studio Version 17
VisualStudioVersion = 17.13.35825.156 d17.13
MinimumVisualStudioVersion = 10.0.40219.1
Project("{FAE04EC0-301F-11D3-BF4B-00C04F79EFBC}") = "ASTEROIDS", "ASTEROIDS.csproj", "{839D0EA4-AFE7-462D-924F-E90B5A00CB08}"
EndProject
Global
	GlobalSection(SolutionConfigurationPlatforms) = preSolution
		Debug|Any CPU = Debug|Any CPU
		Release|Any CPU = Release|Any CPU
	EndGlobalSection
	GlobalSection(ProjectConfigurationPlatforms) = postSolution
		{839D0EA4-AFE7-462D-924F-E90B5A00CB08}.Debug|Any CPU.ActiveCfg = Debug|Any CPU
		{839D0EA4-AFE7-462D-924F-E90B5A00CB08}.Debug|Any CPU.Build.0 = Debug|Any CPU
		{839D0EA4-AFE7-462D-924F-E90B5A00CB08}.Release|Any CPU.ActiveCfg = Release|Any CPU
		{839D0EA4-AFE7-462D-924F-E90B5A00CB08}.Release|Any CPU.Build.0 = Release|Any CPU
	EndGlobalSection
	GlobalSection(SolutionProperties) = preSolution
		HideSolutionNode = FALSE
	EndGlobalSection
	GlobalSection(ExtensibilityGlobals) = postSolution
		SolutionGuid = {5E9B120A-CE45-4007-8D13-AF6CEA98FC9B}
	EndGlobalSection
EndGlobal
