
Microsoft Visual Studio Solution File, Format Version 12.00
# Visual Studio Version 17
VisualStudioVersion = 17.9.34622.214
MinimumVisualStudioVersion = 10.0.40219.1
Project("{FAE04EC0-301F-11D3-BF4B-00C04F79EFBC}") = "Väritetyt.Tavarat", "Väritetyt.Tavarat.csproj", "{C000DE7F-0A61-4957-91FE-05EB3AB03296}"
EndProject
Global
	GlobalSection(SolutionConfigurationPlatforms) = preSolution
		Debug|Any CPU = Debug|Any CPU
		Release|Any CPU = Release|Any CPU
	EndGlobalSection
	GlobalSection(ProjectConfigurationPlatforms) = postSolution
		{C000DE7F-0A61-4957-91FE-05EB3AB03296}.Debug|Any CPU.ActiveCfg = Debug|Any CPU
		{C000DE7F-0A61-4957-91FE-05EB3AB03296}.Debug|Any CPU.Build.0 = Debug|Any CPU
		{C000DE7F-0A61-4957-91FE-05EB3AB03296}.Release|Any CPU.ActiveCfg = Release|Any CPU
		{C000DE7F-0A61-4957-91FE-05EB3AB03296}.Release|Any CPU.Build.0 = Release|Any CPU
	EndGlobalSection
	GlobalSection(SolutionProperties) = preSolution
		HideSolutionNode = FALSE
	EndGlobalSection
	GlobalSection(ExtensibilityGlobals) = postSolution
		SolutionGuid = {0BBD19F8-C9E4-411C-A973-1DB0A54C24C6}
	EndGlobalSection
EndGlobal
