
Microsoft Visual Studio Solution File, Format Version 12.00
# Visual Studio Version 17
VisualStudioVersion = 17.9.34622.214
MinimumVisualStudioVersion = 10.0.40219.1
Project("{FAE04EC0-301F-11D3-BF4B-00C04F79EFBC}") = "DVD.Logo", "DVD.Logo.csproj", "{B86E3110-973F-46E7-8057-023B5082518A}"
EndProject
Global
	GlobalSection(SolutionConfigurationPlatforms) = preSolution
		Debug|Any CPU = Debug|Any CPU
		Release|Any CPU = Release|Any CPU
	EndGlobalSection
	GlobalSection(ProjectConfigurationPlatforms) = postSolution
		{B86E3110-973F-46E7-8057-023B5082518A}.Debug|Any CPU.ActiveCfg = Debug|Any CPU
		{B86E3110-973F-46E7-8057-023B5082518A}.Debug|Any CPU.Build.0 = Debug|Any CPU
		{B86E3110-973F-46E7-8057-023B5082518A}.Release|Any CPU.ActiveCfg = Release|Any CPU
		{B86E3110-973F-46E7-8057-023B5082518A}.Release|Any CPU.Build.0 = Release|Any CPU
	EndGlobalSection
	GlobalSection(SolutionProperties) = preSolution
		HideSolutionNode = FALSE
	EndGlobalSection
	GlobalSection(ExtensibilityGlobals) = postSolution
		SolutionGuid = {C1F8B2A4-37E9-463D-B71A-4794364FD8C2}
	EndGlobalSection
EndGlobal
